
Microsoft Visual Studio Solution File, Format Version 12.00
# Visual Studio Version 17
VisualStudioVersion = 17.9.34622.214
MinimumVisualStudioVersion = 10.0.40219.1
Project("{FAE04EC0-301F-11D3-BF4B-00C04F79EFBC}") = "WindowsFormsApp3", "WindowsFormsApp3\WindowsFormsApp3.csproj", "{AEA70E26-3669-40EB-BABE-A0965859F18B}"
EndProject
Global
	GlobalSection(SolutionConfigurationPlatforms) = preSolution
		Debug|Any CPU = Debug|Any CPU
		Release|Any CPU = Release|Any CPU
	EndGlobalSection
	GlobalSection(ProjectConfigurationPlatforms) = postSolution
		{AEA70E26-3669-40EB-BABE-A0965859F18B}.Debug|Any CPU.ActiveCfg = Debug|Any CPU
		{AEA70E26-3669-40EB-BABE-A0965859F18B}.Debug|Any CPU.Build.0 = Debug|Any CPU
		{AEA70E26-3669-40EB-BABE-A0965859F18B}.Release|Any CPU.ActiveCfg = Release|Any CPU
		{AEA70E26-3669-40EB-BABE-A0965859F18B}.Release|Any CPU.Build.0 = Release|Any CPU
	EndGlobalSection
	GlobalSection(SolutionProperties) = preSolution
		HideSolutionNode = FALSE
	EndGlobalSection
	GlobalSection(ExtensibilityGlobals) = postSolution
		SolutionGuid = {C10764A0-9315-48F4-9772-D9B08886BC9A}
	EndGlobalSection
EndGlobal
